// !$*UTF8*$!
{
	archiveVersion = 1;
	classes = {
	};
	objectVersion = 56;
	objects = {

/* Begin PBXBuildFile section */
		C7D414742C1007720026F6F5 /* TextEditorSwiftUIView.swift in Sources */ = {isa = PBXBuildFile; fileRef = C7D414732C1007720026F6F5 /* TextEditorSwiftUIView.swift */; };
		C7DEB8902C0FB81A008D1471 /* SwiftUIViewsApp.swift in Sources */ = {isa = PBXBuildFile; fileRef = C7DEB88F2C0FB81A008D1471 /* SwiftUIViewsApp.swift */; };
		C7DEB8922C0FB81A008D1471 /* ContentView.swift in Sources */ = {isa = PBXBuildFile; fileRef = C7DEB8912C0FB81A008D1471 /* ContentView.swift */; };
		C7DEB8942C0FB81B008D1471 /* Assets.xcassets in Resources */ = {isa = PBXBuildFile; fileRef = C7DEB8932C0FB81B008D1471 /* Assets.xcassets */; };
		C7DEB8982C0FB81B008D1471 /* Preview Assets.xcassets in Resources */ = {isa = PBXBuildFile; fileRef = C7DEB8972C0FB81B008D1471 /* Preview Assets.xcassets */; };
		C7DEB8A22C0FB81B008D1471 /* SwiftUIViewsTests.swift in Sources */ = {isa = PBXBuildFile; fileRef = C7DEB8A12C0FB81B008D1471 /* SwiftUIViewsTests.swift */; };
		C7DEB8AC2C0FB81B008D1471 /* SwiftUIViewsUITests.swift in Sources */ = {isa = PBXBuildFile; fileRef = C7DEB8AB2C0FB81B008D1471 /* SwiftUIViewsUITests.swift */; };
		C7DEB8AE2C0FB81B008D1471 /* SwiftUIViewsUITestsLaunchTests.swift in Sources */ = {isa = PBXBuildFile; fileRef = C7DEB8AD2C0FB81B008D1471 /* SwiftUIViewsUITestsLaunchTests.swift */; };
		C7DEB8BB2C0FB926008D1471 /* IconsSwiftUIView.swift in Sources */ = {isa = PBXBuildFile; fileRef = C7DEB8BA2C0FB926008D1471 /* IconsSwiftUIView.swift */; };
		C7DEB8BD2C0FBC86008D1471 /* ImageSwiftUIView.swift in Sources */ = {isa = PBXBuildFile; fileRef = C7DEB8BC2C0FBC86008D1471 /* ImageSwiftUIView.swift */; };
		C7DEB8BF2C0FC7BC008D1471 /* LabelSwiftUIView.swift in Sources */ = {isa = PBXBuildFile; fileRef = C7DEB8BE2C0FC7BC008D1471 /* LabelSwiftUIView.swift */; };
		C7DEB8C12C0FCBB1008D1471 /* TextSwiftUIView.swift in Sources */ = {isa = PBXBuildFile; fileRef = C7DEB8C02C0FCBB1008D1471 /* TextSwiftUIView.swift */; };
		C7DEB8C32C0FE5FA008D1471 /* ButtonSwiftUIView.swift in Sources */ = {isa = PBXBuildFile; fileRef = C7DEB8C22C0FE5FA008D1471 /* ButtonSwiftUIView.swift */; };
		C7DEB8C52C0FF66B008D1471 /* TextFieldSwiftUIView.swift in Sources */ = {isa = PBXBuildFile; fileRef = C7DEB8C42C0FF66B008D1471 /* TextFieldSwiftUIView.swift */; };
		C7E2E4AB2C100BEF00D1E2CB /* ToggleSwiftUIView.swift in Sources */ = {isa = PBXBuildFile; fileRef = C7E2E4AA2C100BEF00D1E2CB /* ToggleSwiftUIView.swift */; };
		C7E2E4AD2C10137300D1E2CB /* StepperSwiftUIView.swift in Sources */ = {isa = PBXBuildFile; fileRef = C7E2E4AC2C10137300D1E2CB /* StepperSwiftUIView.swift */; };
		C7E2E4AF2C102AFD00D1E2CB /* LazyGridSwiftUIView.swift in Sources */ = {isa = PBXBuildFile; fileRef = C7E2E4AE2C102AFD00D1E2CB /* LazyGridSwiftUIView.swift */; };
		C7E2E4B12C10306A00D1E2CB /* FormSwiftUIView.swift in Sources */ = {isa = PBXBuildFile; fileRef = C7E2E4B02C10306A00D1E2CB /* FormSwiftUIView.swift */; };
		C7E2E4B32C103ACB00D1E2CB /* ListSwiftUIView.swift in Sources */ = {isa = PBXBuildFile; fileRef = C7E2E4B22C103ACA00D1E2CB /* ListSwiftUIView.swift */; };
		C7E2E4B52C10420200D1E2CB /* NavigationViewLinkSwiftUIView.swift in Sources */ = {isa = PBXBuildFile; fileRef = C7E2E4B42C10420200D1E2CB /* NavigationViewLinkSwiftUIView.swift */; };
		C7E2E4B72C1049A700D1E2CB /* SheetSwiftUIView.swift in Sources */ = {isa = PBXBuildFile; fileRef = C7E2E4B62C1049A700D1E2CB /* SheetSwiftUIView.swift */; };
		C7E2E4B92C104F5500D1E2CB /* StateVsBinding.swift in Sources */ = {isa = PBXBuildFile; fileRef = C7E2E4B82C104F5500D1E2CB /* StateVsBinding.swift */; };
		C7FBE2862C10CBBE0027A4E0 /* ObservedObjectVsStateObject.swift in Sources */ = {isa = PBXBuildFile; fileRef = C7FBE2852C10CBBE0027A4E0 /* ObservedObjectVsStateObject.swift */; };
		C7FBE2882C10DB0F0027A4E0 /* EnvironmentObjectSwiftUI.swift in Sources */ = {isa = PBXBuildFile; fileRef = C7FBE2872C10DB0F0027A4E0 /* EnvironmentObjectSwiftUI.swift */; };
		C7FBE28A2C10E04E0027A4E0 /* AppStorageSwiftUI.swift in Sources */ = {isa = PBXBuildFile; fileRef = C7FBE2892C10E04E0027A4E0 /* AppStorageSwiftUI.swift */; };
		C7FBE28C2C10FECE0027A4E0 /* SceneStorageSwiftUI.swift in Sources */ = {isa = PBXBuildFile; fileRef = C7FBE28B2C10FECE0027A4E0 /* SceneStorageSwiftUI.swift */; };
		C7FBE28E2C1103440027A4E0 /* SwipeActionsRefreshableSwiftUI.swift in Sources */ = {isa = PBXBuildFile; fileRef = C7FBE28D2C1103440027A4E0 /* SwipeActionsRefreshableSwiftUI.swift */; };
		C7FBE2902C110A650027A4E0 /* CustomModifierSwiftUI.swift in Sources */ = {isa = PBXBuildFile; fileRef = C7FBE28F2C110A650027A4E0 /* CustomModifierSwiftUI.swift */; };
/* End PBXBuildFile section */

/* Begin PBXContainerItemProxy section */
		C7DEB89E2C0FB81B008D1471 /* PBXContainerItemProxy */ = {
			isa = PBXContainerItemProxy;
			containerPortal = C7DEB8842C0FB81A008D1471 /* Project object */;
			proxyType = 1;
			remoteGlobalIDString = C7DEB88B2C0FB81A008D1471;
			remoteInfo = SwiftUIViews;
		};
		C7DEB8A82C0FB81B008D1471 /* PBXContainerItemProxy */ = {
			isa = PBXContainerItemProxy;
			containerPortal = C7DEB8842C0FB81A008D1471 /* Project object */;
			proxyType = 1;
			remoteGlobalIDString = C7DEB88B2C0FB81A008D1471;
			remoteInfo = SwiftUIViews;
		};
/* End PBXContainerItemProxy section */

/* Begin PBXFileReference section */
		C7D414732C1007720026F6F5 /* TextEditorSwiftUIView.swift */ = {isa = PBXFileReference; lastKnownFileType = sourcecode.swift; path = TextEditorSwiftUIView.swift; sourceTree = "<group>"; };
		C7DEB88C2C0FB81A008D1471 /* SwiftUIViews.app */ = {isa = PBXFileReference; explicitFileType = wrapper.application; includeInIndex = 0; path = SwiftUIViews.app; sourceTree = BUILT_PRODUCTS_DIR; };
		C7DEB88F2C0FB81A008D1471 /* SwiftUIViewsApp.swift */ = {isa = PBXFileReference; lastKnownFileType = sourcecode.swift; path = SwiftUIViewsApp.swift; sourceTree = "<group>"; };
		C7DEB8912C0FB81A008D1471 /* ContentView.swift */ = {isa = PBXFileReference; lastKnownFileType = sourcecode.swift; path = ContentView.swift; sourceTree = "<group>"; };
		C7DEB8932C0FB81B008D1471 /* Assets.xcassets */ = {isa = PBXFileReference; lastKnownFileType = folder.assetcatalog; path = Assets.xcassets; sourceTree = "<group>"; };
		C7DEB8952C0FB81B008D1471 /* SwiftUIViews.entitlements */ = {isa = PBXFileReference; lastKnownFileType = text.plist.entitlements; path = SwiftUIViews.entitlements; sourceTree = "<group>"; };
		C7DEB8972C0FB81B008D1471 /* Preview Assets.xcassets */ = {isa = PBXFileReference; lastKnownFileType = folder.assetcatalog; path = "Preview Assets.xcassets"; sourceTree = "<group>"; };
		C7DEB89D2C0FB81B008D1471 /* SwiftUIViewsTests.xctest */ = {isa = PBXFileReference; explicitFileType = wrapper.cfbundle; includeInIndex = 0; path = SwiftUIViewsTests.xctest; sourceTree = BUILT_PRODUCTS_DIR; };
		C7DEB8A12C0FB81B008D1471 /* SwiftUIViewsTests.swift */ = {isa = PBXFileReference; lastKnownFileType = sourcecode.swift; path = SwiftUIViewsTests.swift; sourceTree = "<group>"; };
		C7DEB8A72C0FB81B008D1471 /* SwiftUIViewsUITests.xctest */ = {isa = PBXFileReference; explicitFileType = wrapper.cfbundle; includeInIndex = 0; path = SwiftUIViewsUITests.xctest; sourceTree = BUILT_PRODUCTS_DIR; };
		C7DEB8AB2C0FB81B008D1471 /* SwiftUIViewsUITests.swift */ = {isa = PBXFileReference; lastKnownFileType = sourcecode.swift; path = SwiftUIViewsUITests.swift; sourceTree = "<group>"; };
		C7DEB8AD2C0FB81B008D1471 /* SwiftUIViewsUITestsLaunchTests.swift */ = {isa = PBXFileReference; lastKnownFileType = sourcecode.swift; path = SwiftUIViewsUITestsLaunchTests.swift; sourceTree = "<group>"; };
		C7DEB8BA2C0FB926008D1471 /* IconsSwiftUIView.swift */ = {isa = PBXFileReference; lastKnownFileType = sourcecode.swift; path = IconsSwiftUIView.swift; sourceTree = "<group>"; };
		C7DEB8BC2C0FBC86008D1471 /* ImageSwiftUIView.swift */ = {isa = PBXFileReference; lastKnownFileType = sourcecode.swift; path = ImageSwiftUIView.swift; sourceTree = "<group>"; };
		C7DEB8BE2C0FC7BC008D1471 /* LabelSwiftUIView.swift */ = {isa = PBXFileReference; lastKnownFileType = sourcecode.swift; path = LabelSwiftUIView.swift; sourceTree = "<group>"; };
		C7DEB8C02C0FCBB1008D1471 /* TextSwiftUIView.swift */ = {isa = PBXFileReference; lastKnownFileType = sourcecode.swift; path = TextSwiftUIView.swift; sourceTree = "<group>"; };
		C7DEB8C22C0FE5FA008D1471 /* ButtonSwiftUIView.swift */ = {isa = PBXFileReference; lastKnownFileType = sourcecode.swift; path = ButtonSwiftUIView.swift; sourceTree = "<group>"; };
		C7DEB8C42C0FF66B008D1471 /* TextFieldSwiftUIView.swift */ = {isa = PBXFileReference; lastKnownFileType = sourcecode.swift; path = TextFieldSwiftUIView.swift; sourceTree = "<group>"; };
		C7E2E4AA2C100BEF00D1E2CB /* ToggleSwiftUIView.swift */ = {isa = PBXFileReference; lastKnownFileType = sourcecode.swift; path = ToggleSwiftUIView.swift; sourceTree = "<group>"; };
		C7E2E4AC2C10137300D1E2CB /* StepperSwiftUIView.swift */ = {isa = PBXFileReference; lastKnownFileType = sourcecode.swift; path = StepperSwiftUIView.swift; sourceTree = "<group>"; };
		C7E2E4AE2C102AFD00D1E2CB /* LazyGridSwiftUIView.swift */ = {isa = PBXFileReference; lastKnownFileType = sourcecode.swift; path = LazyGridSwiftUIView.swift; sourceTree = "<group>"; };
		C7E2E4B02C10306A00D1E2CB /* FormSwiftUIView.swift */ = {isa = PBXFileReference; lastKnownFileType = sourcecode.swift; path = FormSwiftUIView.swift; sourceTree = "<group>"; };
		C7E2E4B22C103ACA00D1E2CB /* ListSwiftUIView.swift */ = {isa = PBXFileReference; lastKnownFileType = sourcecode.swift; path = ListSwiftUIView.swift; sourceTree = "<group>"; };
		C7E2E4B42C10420200D1E2CB /* NavigationViewLinkSwiftUIView.swift */ = {isa = PBXFileReference; lastKnownFileType = sourcecode.swift; path = NavigationViewLinkSwiftUIView.swift; sourceTree = "<group>"; };
		C7E2E4B62C1049A700D1E2CB /* SheetSwiftUIView.swift */ = {isa = PBXFileReference; lastKnownFileType = sourcecode.swift; path = SheetSwiftUIView.swift; sourceTree = "<group>"; };
		C7E2E4B82C104F5500D1E2CB /* StateVsBinding.swift */ = {isa = PBXFileReference; lastKnownFileType = sourcecode.swift; path = StateVsBinding.swift; sourceTree = "<group>"; };
		C7FBE2852C10CBBE0027A4E0 /* ObservedObjectVsStateObject.swift */ = {isa = PBXFileReference; lastKnownFileType = sourcecode.swift; path = ObservedObjectVsStateObject.swift; sourceTree = "<group>"; };
		C7FBE2872C10DB0F0027A4E0 /* EnvironmentObjectSwiftUI.swift */ = {isa = PBXFileReference; lastKnownFileType = sourcecode.swift; path = EnvironmentObjectSwiftUI.swift; sourceTree = "<group>"; };
		C7FBE2892C10E04E0027A4E0 /* AppStorageSwiftUI.swift */ = {isa = PBXFileReference; lastKnownFileType = sourcecode.swift; path = AppStorageSwiftUI.swift; sourceTree = "<group>"; };
		C7FBE28B2C10FECE0027A4E0 /* SceneStorageSwiftUI.swift */ = {isa = PBXFileReference; lastKnownFileType = sourcecode.swift; path = SceneStorageSwiftUI.swift; sourceTree = "<group>"; };
		C7FBE28D2C1103440027A4E0 /* SwipeActionsRefreshableSwiftUI.swift */ = {isa = PBXFileReference; lastKnownFileType = sourcecode.swift; path = SwipeActionsRefreshableSwiftUI.swift; sourceTree = "<group>"; };
		C7FBE28F2C110A650027A4E0 /* CustomModifierSwiftUI.swift */ = {isa = PBXFileReference; lastKnownFileType = sourcecode.swift; path = CustomModifierSwiftUI.swift; sourceTree = "<group>"; };
/* End PBXFileReference section */

/* Begin PBXFrameworksBuildPhase section */
		C7DEB8892C0FB81A008D1471 /* Frameworks */ = {
			isa = PBXFrameworksBuildPhase;
			buildActionMask = 2147483647;
			files = (
			);
			runOnlyForDeploymentPostprocessing = 0;
		};
		C7DEB89A2C0FB81B008D1471 /* Frameworks */ = {
			isa = PBXFrameworksBuildPhase;
			buildActionMask = 2147483647;
			files = (
			);
			runOnlyForDeploymentPostprocessing = 0;
		};
		C7DEB8A42C0FB81B008D1471 /* Frameworks */ = {
			isa = PBXFrameworksBuildPhase;
			buildActionMask = 2147483647;
			files = (
			);
			runOnlyForDeploymentPostprocessing = 0;
		};
/* End PBXFrameworksBuildPhase section */

/* Begin PBXGroup section */
		C7DEB8832C0FB81A008D1471 = {
			isa = PBXGroup;
			children = (
				C7DEB88E2C0FB81A008D1471 /* SwiftUIViews */,
				C7DEB8A02C0FB81B008D1471 /* SwiftUIViewsTests */,
				C7DEB8AA2C0FB81B008D1471 /* SwiftUIViewsUITests */,
				C7DEB88D2C0FB81A008D1471 /* Products */,
			);
			sourceTree = "<group>";
		};
		C7DEB88D2C0FB81A008D1471 /* Products */ = {
			isa = PBXGroup;
			children = (
				C7DEB88C2C0FB81A008D1471 /* SwiftUIViews.app */,
				C7DEB89D2C0FB81B008D1471 /* SwiftUIViewsTests.xctest */,
				C7DEB8A72C0FB81B008D1471 /* SwiftUIViewsUITests.xctest */,
			);
			name = Products;
			sourceTree = "<group>";
		};
		C7DEB88E2C0FB81A008D1471 /* SwiftUIViews */ = {
			isa = PBXGroup;
			children = (
				C7DEB88F2C0FB81A008D1471 /* SwiftUIViewsApp.swift */,
				C7DEB8912C0FB81A008D1471 /* ContentView.swift */,
				C7DEB8932C0FB81B008D1471 /* Assets.xcassets */,
				C7DEB8952C0FB81B008D1471 /* SwiftUIViews.entitlements */,
				C7DEB8962C0FB81B008D1471 /* Preview Content */,
				C7DEB8BC2C0FBC86008D1471 /* ImageSwiftUIView.swift */,
				C7DEB8BA2C0FB926008D1471 /* IconsSwiftUIView.swift */,
				C7DEB8BE2C0FC7BC008D1471 /* LabelSwiftUIView.swift */,
				C7DEB8C02C0FCBB1008D1471 /* TextSwiftUIView.swift */,
				C7DEB8C22C0FE5FA008D1471 /* ButtonSwiftUIView.swift */,
				C7DEB8C42C0FF66B008D1471 /* TextFieldSwiftUIView.swift */,
				C7D414732C1007720026F6F5 /* TextEditorSwiftUIView.swift */,
				C7E2E4AA2C100BEF00D1E2CB /* ToggleSwiftUIView.swift */,
				C7E2E4AC2C10137300D1E2CB /* StepperSwiftUIView.swift */,
				C7E2E4AE2C102AFD00D1E2CB /* LazyGridSwiftUIView.swift */,
				C7E2E4B02C10306A00D1E2CB /* FormSwiftUIView.swift */,
				C7E2E4B22C103ACA00D1E2CB /* ListSwiftUIView.swift */,
				C7E2E4B42C10420200D1E2CB /* NavigationViewLinkSwiftUIView.swift */,
				C7E2E4B62C1049A700D1E2CB /* SheetSwiftUIView.swift */,
				C7E2E4B82C104F5500D1E2CB /* StateVsBinding.swift */,
				C7FBE2852C10CBBE0027A4E0 /* ObservedObjectVsStateObject.swift */,
				C7FBE2872C10DB0F0027A4E0 /* EnvironmentObjectSwiftUI.swift */,
				C7FBE2892C10E04E0027A4E0 /* AppStorageSwiftUI.swift */,
				C7FBE28B2C10FECE0027A4E0 /* SceneStorageSwiftUI.swift */,
				C7FBE28D2C1103440027A4E0 /* SwipeActionsRefreshableSwiftUI.swift */,
				C7FBE28F2C110A650027A4E0 /* CustomModifierSwiftUI.swift */,
			);
			path = SwiftUIViews;
			sourceTree = "<group>";
		};
		C7DEB8962C0FB81B008D1471 /* Preview Content */ = {
			isa = PBXGroup;
			children = (
				C7DEB8972C0FB81B008D1471 /* Preview Assets.xcassets */,
			);
			path = "Preview Content";
			sourceTree = "<group>";
		};
		C7DEB8A02C0FB81B008D1471 /* SwiftUIViewsTests */ = {
			isa = PBXGroup;
			children = (
				C7DEB8A12C0FB81B008D1471 /* SwiftUIViewsTests.swift */,
			);
			path = SwiftUIViewsTests;
			sourceTree = "<group>";
		};
		C7DEB8AA2C0FB81B008D1471 /* SwiftUIViewsUITests */ = {
			isa = PBXGroup;
			children = (
				C7DEB8AB2C0FB81B008D1471 /* SwiftUIViewsUITests.swift */,
				C7DEB8AD2C0FB81B008D1471 /* SwiftUIViewsUITestsLaunchTests.swift */,
			);
			path = SwiftUIViewsUITests;
			sourceTree = "<group>";
		};
/* End PBXGroup section */

/* Begin PBXNativeTarget section */
		C7DEB88B2C0FB81A008D1471 /* SwiftUIViews */ = {
			isa = PBXNativeTarget;
			buildConfigurationList = C7DEB8B12C0FB81B008D1471 /* Build configuration list for PBXNativeTarget "SwiftUIViews" */;
			buildPhases = (
				C7DEB8882C0FB81A008D1471 /* Sources */,
				C7DEB8892C0FB81A008D1471 /* Frameworks */,
				C7DEB88A2C0FB81A008D1471 /* Resources */,
			);
			buildRules = (
			);
			dependencies = (
			);
			name = SwiftUIViews;
			productName = SwiftUIViews;
			productReference = C7DEB88C2C0FB81A008D1471 /* SwiftUIViews.app */;
			productType = "com.apple.product-type.application";
		};
		C7DEB89C2C0FB81B008D1471 /* SwiftUIViewsTests */ = {
			isa = PBXNativeTarget;
			buildConfigurationList = C7DEB8B42C0FB81B008D1471 /* Build configuration list for PBXNativeTarget "SwiftUIViewsTests" */;
			buildPhases = (
				C7DEB8992C0FB81B008D1471 /* Sources */,
				C7DEB89A2C0FB81B008D1471 /* Frameworks */,
				C7DEB89B2C0FB81B008D1471 /* Resources */,
			);
			buildRules = (
			);
			dependencies = (
				C7DEB89F2C0FB81B008D1471 /* PBXTargetDependency */,
			);
			name = SwiftUIViewsTests;
			productName = SwiftUIViewsTests;
			productReference = C7DEB89D2C0FB81B008D1471 /* SwiftUIViewsTests.xctest */;
			productType = "com.apple.product-type.bundle.unit-test";
		};
		C7DEB8A62C0FB81B008D1471 /* SwiftUIViewsUITests */ = {
			isa = PBXNativeTarget;
			buildConfigurationList = C7DEB8B72C0FB81B008D1471 /* Build configuration list for PBXNativeTarget "SwiftUIViewsUITests" */;
			buildPhases = (
				C7DEB8A32C0FB81B008D1471 /* Sources */,
				C7DEB8A42C0FB81B008D1471 /* Frameworks */,
				C7DEB8A52C0FB81B008D1471 /* Resources */,
			);
			buildRules = (
			);
			dependencies = (
				C7DEB8A92C0FB81B008D1471 /* PBXTargetDependency */,
			);
			name = SwiftUIViewsUITests;
			productName = SwiftUIViewsUITests;
			productReference = C7DEB8A72C0FB81B008D1471 /* SwiftUIViewsUITests.xctest */;
			productType = "com.apple.product-type.bundle.ui-testing";
		};
/* End PBXNativeTarget section */

/* Begin PBXProject section */
		C7DEB8842C0FB81A008D1471 /* Project object */ = {
			isa = PBXProject;
			attributes = {
				BuildIndependentTargetsInParallel = 1;
				LastSwiftUpdateCheck = 1520;
				LastUpgradeCheck = 1520;
				TargetAttributes = {
					C7DEB88B2C0FB81A008D1471 = {
						CreatedOnToolsVersion = 15.2;
					};
					C7DEB89C2C0FB81B008D1471 = {
						CreatedOnToolsVersion = 15.2;
						TestTargetID = C7DEB88B2C0FB81A008D1471;
					};
					C7DEB8A62C0FB81B008D1471 = {
						CreatedOnToolsVersion = 15.2;
						TestTargetID = C7DEB88B2C0FB81A008D1471;
					};
				};
			};
			buildConfigurationList = C7DEB8872C0FB81A008D1471 /* Build configuration list for PBXProject "SwiftUIViews" */;
			compatibilityVersion = "Xcode 14.0";
			developmentRegion = en;
			hasScannedForEncodings = 0;
			knownRegions = (
				en,
				Base,
			);
			mainGroup = C7DEB8832C0FB81A008D1471;
			productRefGroup = C7DEB88D2C0FB81A008D1471 /* Products */;
			projectDirPath = "";
			projectRoot = "";
			targets = (
				C7DEB88B2C0FB81A008D1471 /* SwiftUIViews */,
				C7DEB89C2C0FB81B008D1471 /* SwiftUIViewsTests */,
				C7DEB8A62C0FB81B008D1471 /* SwiftUIViewsUITests */,
			);
		};
/* End PBXProject section */

/* Begin PBXResourcesBuildPhase section */
		C7DEB88A2C0FB81A008D1471 /* Resources */ = {
			isa = PBXResourcesBuildPhase;
			buildActionMask = 2147483647;
			files = (
				C7DEB8982C0FB81B008D1471 /* Preview Assets.xcassets in Resources */,
				C7DEB8942C0FB81B008D1471 /* Assets.xcassets in Resources */,
			);
			runOnlyForDeploymentPostprocessing = 0;
		};
		C7DEB89B2C0FB81B008D1471 /* Resources */ = {
			isa = PBXResourcesBuildPhase;
			buildActionMask = 2147483647;
			files = (
			);
			runOnlyForDeploymentPostprocessing = 0;
		};
		C7DEB8A52C0FB81B008D1471 /* Resources */ = {
			isa = PBXResourcesBuildPhase;
			buildActionMask = 2147483647;
			files = (
			);
			runOnlyForDeploymentPostprocessing = 0;
		};
/* End PBXResourcesBuildPhase section */

/* Begin PBXSourcesBuildPhase section */
		C7DEB8882C0FB81A008D1471 /* Sources */ = {
			isa = PBXSourcesBuildPhase;
			buildActionMask = 2147483647;
			files = (
				C7FBE2862C10CBBE0027A4E0 /* ObservedObjectVsStateObject.swift in Sources */,
				C7E2E4B72C1049A700D1E2CB /* SheetSwiftUIView.swift in Sources */,
				C7E2E4AF2C102AFD00D1E2CB /* LazyGridSwiftUIView.swift in Sources */,
				C7FBE28A2C10E04E0027A4E0 /* AppStorageSwiftUI.swift in Sources */,
				C7DEB8BD2C0FBC86008D1471 /* ImageSwiftUIView.swift in Sources */,
				C7E2E4B52C10420200D1E2CB /* NavigationViewLinkSwiftUIView.swift in Sources */,
				C7DEB8C32C0FE5FA008D1471 /* ButtonSwiftUIView.swift in Sources */,
				C7DEB8BB2C0FB926008D1471 /* IconsSwiftUIView.swift in Sources */,
				C7E2E4B32C103ACB00D1E2CB /* ListSwiftUIView.swift in Sources */,
				C7DEB8922C0FB81A008D1471 /* ContentView.swift in Sources */,
				C7E2E4AB2C100BEF00D1E2CB /* ToggleSwiftUIView.swift in Sources */,
				C7E2E4B12C10306A00D1E2CB /* FormSwiftUIView.swift in Sources */,
				C7DEB8C52C0FF66B008D1471 /* TextFieldSwiftUIView.swift in Sources */,
				C7E2E4AD2C10137300D1E2CB /* StepperSwiftUIView.swift in Sources */,
				C7D414742C1007720026F6F5 /* TextEditorSwiftUIView.swift in Sources */,
				C7DEB8902C0FB81A008D1471 /* SwiftUIViewsApp.swift in Sources */,
				C7E2E4B92C104F5500D1E2CB /* StateVsBinding.swift in Sources */,
				C7DEB8BF2C0FC7BC008D1471 /* LabelSwiftUIView.swift in Sources */,
				C7FBE28E2C1103440027A4E0 /* SwipeActionsRefreshableSwiftUI.swift in Sources */,
				C7FBE2902C110A650027A4E0 /* CustomModifierSwiftUI.swift in Sources */,
				C7FBE2882C10DB0F0027A4E0 /* EnvironmentObjectSwiftUI.swift in Sources */,
				C7FBE28C2C10FECE0027A4E0 /* SceneStorageSwiftUI.swift in Sources */,
				C7DEB8C12C0FCBB1008D1471 /* TextSwiftUIView.swift in Sources */,
			);
			runOnlyForDeploymentPostprocessing = 0;
		};
		C7DEB8992C0FB81B008D1471 /* Sources */ = {
			isa = PBXSourcesBuildPhase;
			buildActionMask = 2147483647;
			files = (
				C7DEB8A22C0FB81B008D1471 /* SwiftUIViewsTests.swift in Sources */,
			);
			runOnlyForDeploymentPostprocessing = 0;
		};
		C7DEB8A32C0FB81B008D1471 /* Sources */ = {
			isa = PBXSourcesBuildPhase;
			buildActionMask = 2147483647;
			files = (
				C7DEB8AC2C0FB81B008D1471 /* SwiftUIViewsUITests.swift in Sources */,
				C7DEB8AE2C0FB81B008D1471 /* SwiftUIViewsUITestsLaunchTests.swift in Sources */,
			);
			runOnlyForDeploymentPostprocessing = 0;
		};
/* End PBXSourcesBuildPhase section */

/* Begin PBXTargetDependency section */
		C7DEB89F2C0FB81B008D1471 /* PBXTargetDependency */ = {
			isa = PBXTargetDependency;
			target = C7DEB88B2C0FB81A008D1471 /* SwiftUIViews */;
			targetProxy = C7DEB89E2C0FB81B008D1471 /* PBXContainerItemProxy */;
		};
		C7DEB8A92C0FB81B008D1471 /* PBXTargetDependency */ = {
			isa = PBXTargetDependency;
			target = C7DEB88B2C0FB81A008D1471 /* SwiftUIViews */;
			targetProxy = C7DEB8A82C0FB81B008D1471 /* PBXContainerItemProxy */;
		};
/* End PBXTargetDependency section */

/* Begin XCBuildConfiguration section */
		C7DEB8AF2C0FB81B008D1471 /* Debug */ = {
			isa = XCBuildConfiguration;
			buildSettings = {
				ALWAYS_SEARCH_USER_PATHS = NO;
				ASSETCATALOG_COMPILER_GENERATE_SWIFT_ASSET_SYMBOL_EXTENSIONS = YES;
				CLANG_ANALYZER_NONNULL = YES;
				CLANG_ANALYZER_NUMBER_OBJECT_CONVERSION = YES_AGGRESSIVE;
				CLANG_CXX_LANGUAGE_STANDARD = "gnu++20";
				CLANG_ENABLE_MODULES = YES;
				CLANG_ENABLE_OBJC_ARC = YES;
				CLANG_ENABLE_OBJC_WEAK = YES;
				CLANG_WARN_BLOCK_CAPTURE_AUTORELEASING = YES;
				CLANG_WARN_BOOL_CONVERSION = YES;
				CLANG_WARN_COMMA = YES;
				CLANG_WARN_CONSTANT_CONVERSION = YES;
				CLANG_WARN_DEPRECATED_OBJC_IMPLEMENTATIONS = YES;
				CLANG_WARN_DIRECT_OBJC_ISA_USAGE = YES_ERROR;
				CLANG_WARN_DOCUMENTATION_COMMENTS = YES;
				CLANG_WARN_EMPTY_BODY = YES;
				CLANG_WARN_ENUM_CONVERSION = YES;
				CLANG_WARN_INFINITE_RECURSION = YES;
				CLANG_WARN_INT_CONVERSION = YES;
				CLANG_WARN_NON_LITERAL_NULL_CONVERSION = YES;
				CLANG_WARN_OBJC_IMPLICIT_RETAIN_SELF = YES;
				CLANG_WARN_OBJC_LITERAL_CONVERSION = YES;
				CLANG_WARN_OBJC_ROOT_CLASS = YES_ERROR;
				CLANG_WARN_QUOTED_INCLUDE_IN_FRAMEWORK_HEADER = YES;
				CLANG_WARN_RANGE_LOOP_ANALYSIS = YES;
				CLANG_WARN_STRICT_PROTOTYPES = YES;
				CLANG_WARN_SUSPICIOUS_MOVE = YES;
				CLANG_WARN_UNGUARDED_AVAILABILITY = YES_AGGRESSIVE;
				CLANG_WARN_UNREACHABLE_CODE = YES;
				CLANG_WARN__DUPLICATE_METHOD_MATCH = YES;
				COPY_PHASE_STRIP = NO;
				DEBUG_INFORMATION_FORMAT = dwarf;
				ENABLE_STRICT_OBJC_MSGSEND = YES;
				ENABLE_TESTABILITY = YES;
				ENABLE_USER_SCRIPT_SANDBOXING = YES;
				GCC_C_LANGUAGE_STANDARD = gnu17;
				GCC_DYNAMIC_NO_PIC = NO;
				GCC_NO_COMMON_BLOCKS = YES;
				GCC_OPTIMIZATION_LEVEL = 0;
				GCC_PREPROCESSOR_DEFINITIONS = (
					"DEBUG=1",
					"$(inherited)",
				);
				GCC_WARN_64_TO_32_BIT_CONVERSION = YES;
				GCC_WARN_ABOUT_RETURN_TYPE = YES_ERROR;
				GCC_WARN_UNDECLARED_SELECTOR = YES;
				GCC_WARN_UNINITIALIZED_AUTOS = YES_AGGRESSIVE;
				GCC_WARN_UNUSED_FUNCTION = YES;
				GCC_WARN_UNUSED_VARIABLE = YES;
				LOCALIZATION_PREFERS_STRING_CATALOGS = YES;
				MTL_ENABLE_DEBUG_INFO = INCLUDE_SOURCE;
				MTL_FAST_MATH = YES;
				ONLY_ACTIVE_ARCH = YES;
				SWIFT_ACTIVE_COMPILATION_CONDITIONS = "DEBUG $(inherited)";
				SWIFT_OPTIMIZATION_LEVEL = "-Onone";
			};
			name = Debug;
		};
		C7DEB8B02C0FB81B008D1471 /* Release */ = {
			isa = XCBuildConfiguration;
			buildSettings = {
				ALWAYS_SEARCH_USER_PATHS = NO;
				ASSETCATALOG_COMPILER_GENERATE_SWIFT_ASSET_SYMBOL_EXTENSIONS = YES;
				CLANG_ANALYZER_NONNULL = YES;
				CLANG_ANALYZER_NUMBER_OBJECT_CONVERSION = YES_AGGRESSIVE;
				CLANG_CXX_LANGUAGE_STANDARD = "gnu++20";
				CLANG_ENABLE_MODULES = YES;
				CLANG_ENABLE_OBJC_ARC = YES;
				CLANG_ENABLE_OBJC_WEAK = YES;
				CLANG_WARN_BLOCK_CAPTURE_AUTORELEASING = YES;
				CLANG_WARN_BOOL_CONVERSION = YES;
				CLANG_WARN_COMMA = YES;
				CLANG_WARN_CONSTANT_CONVERSION = YES;
				CLANG_WARN_DEPRECATED_OBJC_IMPLEMENTATIONS = YES;
				CLANG_WARN_DIRECT_OBJC_ISA_USAGE = YES_ERROR;
				CLANG_WARN_DOCUMENTATION_COMMENTS = YES;
				CLANG_WARN_EMPTY_BODY = YES;
				CLANG_WARN_ENUM_CONVERSION = YES;
				CLANG_WARN_INFINITE_RECURSION = YES;
				CLANG_WARN_INT_CONVERSION = YES;
				CLANG_WARN_NON_LITERAL_NULL_CONVERSION = YES;
				CLANG_WARN_OBJC_IMPLICIT_RETAIN_SELF = YES;
				CLANG_WARN_OBJC_LITERAL_CONVERSION = YES;
				CLANG_WARN_OBJC_ROOT_CLASS = YES_ERROR;
				CLANG_WARN_QUOTED_INCLUDE_IN_FRAMEWORK_HEADER = YES;
				CLANG_WARN_RANGE_LOOP_ANALYSIS = YES;
				CLANG_WARN_STRICT_PROTOTYPES = YES;
				CLANG_WARN_SUSPICIOUS_MOVE = YES;
				CLANG_WARN_UNGUARDED_AVAILABILITY = YES_AGGRESSIVE;
				CLANG_WARN_UNREACHABLE_CODE = YES;
				CLANG_WARN__DUPLICATE_METHOD_MATCH = YES;
				COPY_PHASE_STRIP = NO;
				DEBUG_INFORMATION_FORMAT = "dwarf-with-dsym";
				ENABLE_NS_ASSERTIONS = NO;
				ENABLE_STRICT_OBJC_MSGSEND = YES;
				ENABLE_USER_SCRIPT_SANDBOXING = YES;
				GCC_C_LANGUAGE_STANDARD = gnu17;
				GCC_NO_COMMON_BLOCKS = YES;
				GCC_WARN_64_TO_32_BIT_CONVERSION = YES;
				GCC_WARN_ABOUT_RETURN_TYPE = YES_ERROR;
				GCC_WARN_UNDECLARED_SELECTOR = YES;
				GCC_WARN_UNINITIALIZED_AUTOS = YES_AGGRESSIVE;
				GCC_WARN_UNUSED_FUNCTION = YES;
				GCC_WARN_UNUSED_VARIABLE = YES;
				LOCALIZATION_PREFERS_STRING_CATALOGS = YES;
				MTL_ENABLE_DEBUG_INFO = NO;
				MTL_FAST_MATH = YES;
				SWIFT_COMPILATION_MODE = wholemodule;
			};
			name = Release;
		};
		C7DEB8B22C0FB81B008D1471 /* Debug */ = {
			isa = XCBuildConfiguration;
			buildSettings = {
				ASSETCATALOG_COMPILER_APPICON_NAME = AppIcon;
				ASSETCATALOG_COMPILER_GLOBAL_ACCENT_COLOR_NAME = AccentColor;
				CODE_SIGN_ENTITLEMENTS = SwiftUIViews/SwiftUIViews.entitlements;
				CODE_SIGN_STYLE = Automatic;
				CURRENT_PROJECT_VERSION = 1;
				DEVELOPMENT_ASSET_PATHS = "\"SwiftUIViews/Preview Content\"";
				ENABLE_PREVIEWS = YES;
				GENERATE_INFOPLIST_FILE = YES;
				"INFOPLIST_KEY_UIApplicationSceneManifest_Generation[sdk=iphoneos*]" = YES;
				"INFOPLIST_KEY_UIApplicationSceneManifest_Generation[sdk=iphonesimulator*]" = YES;
				"INFOPLIST_KEY_UIApplicationSupportsIndirectInputEvents[sdk=iphoneos*]" = YES;
				"INFOPLIST_KEY_UIApplicationSupportsIndirectInputEvents[sdk=iphonesimulator*]" = YES;
				"INFOPLIST_KEY_UILaunchScreen_Generation[sdk=iphoneos*]" = YES;
				"INFOPLIST_KEY_UILaunchScreen_Generation[sdk=iphonesimulator*]" = YES;
				"INFOPLIST_KEY_UIStatusBarStyle[sdk=iphoneos*]" = UIStatusBarStyleDefault;
				"INFOPLIST_KEY_UIStatusBarStyle[sdk=iphonesimulator*]" = UIStatusBarStyleDefault;
				INFOPLIST_KEY_UISupportedInterfaceOrientations_iPad = "UIInterfaceOrientationPortrait UIInterfaceOrientationPortraitUpsideDown UIInterfaceOrientationLandscapeLeft UIInterfaceOrientationLandscapeRight";
				INFOPLIST_KEY_UISupportedInterfaceOrientations_iPhone = "UIInterfaceOrientationPortrait UIInterfaceOrientationLandscapeLeft UIInterfaceOrientationLandscapeRight";
				IPHONEOS_DEPLOYMENT_TARGET = 17.2;
				LD_RUNPATH_SEARCH_PATHS = "@executable_path/Frameworks";
				"LD_RUNPATH_SEARCH_PATHS[sdk=macosx*]" = "@executable_path/../Frameworks";
				MACOSX_DEPLOYMENT_TARGET = 14.0;
				MARKETING_VERSION = 1.0;
				PRODUCT_BUNDLE_IDENTIFIER = com.example.swiftui.SwiftUIViews;
				PRODUCT_NAME = "$(TARGET_NAME)";
				SDKROOT = auto;
				SUPPORTED_PLATFORMS = "iphoneos iphonesimulator macosx";
				SWIFT_EMIT_LOC_STRINGS = YES;
				SWIFT_VERSION = 5.0;
				TARGETED_DEVICE_FAMILY = "1,2";
			};
			name = Debug;
		};
		C7DEB8B32C0FB81B008D1471 /* Release */ = {
			isa = XCBuildConfiguration;
			buildSettings = {
				ASSETCATALOG_COMPILER_APPICON_NAME = AppIcon;
				ASSETCATALOG_COMPILER_GLOBAL_ACCENT_COLOR_NAME = AccentColor;
				CODE_SIGN_ENTITLEMENTS = SwiftUIViews/SwiftUIViews.entitlements;
				CODE_SIGN_STYLE = Automatic;
				CURRENT_PROJECT_VERSION = 1;
				DEVELOPMENT_ASSET_PATHS = "\"SwiftUIViews/Preview Content\"";
				ENABLE_PREVIEWS = YES;
				GENERATE_INFOPLIST_FILE = YES;
				"INFOPLIST_KEY_UIApplicationSceneManifest_Generation[sdk=iphoneos*]" = YES;
				"INFOPLIST_KEY_UIApplicationSceneManifest_Generation[sdk=iphonesimulator*]" = YES;
				"INFOPLIST_KEY_UIApplicationSupportsIndirectInputEvents[sdk=iphoneos*]" = YES;
				"INFOPLIST_KEY_UIApplicationSupportsIndirectInputEvents[sdk=iphonesimulator*]" = YES;
				"INFOPLIST_KEY_UILaunchScreen_Generation[sdk=iphoneos*]" = YES;
				"INFOPLIST_KEY_UILaunchScreen_Generation[sdk=iphonesimulator*]" = YES;
				"INFOPLIST_KEY_UIStatusBarStyle[sdk=iphoneos*]" = UIStatusBarStyleDefault;
				"INFOPLIST_KEY_UIStatusBarStyle[sdk=iphonesimulator*]" = UIStatusBarStyleDefault;
				INFOPLIST_KEY_UISupportedInterfaceOrientations_iPad = "UIInterfaceOrientationPortrait UIInterfaceOrientationPortraitUpsideDown UIInterfaceOrientationLandscapeLeft UIInterfaceOrientationLandscapeRight";
				INFOPLIST_KEY_UISupportedInterfaceOrientations_iPhone = "UIInterfaceOrientationPortrait UIInterfaceOrientationLandscapeLeft UIInterfaceOrientationLandscapeRight";
				IPHONEOS_DEPLOYMENT_TARGET = 17.2;
				LD_RUNPATH_SEARCH_PATHS = "@executable_path/Frameworks";
				"LD_RUNPATH_SEARCH_PATHS[sdk=macosx*]" = "@executable_path/../Frameworks";
				MACOSX_DEPLOYMENT_TARGET = 14.0;
				MARKETING_VERSION = 1.0;
				PRODUCT_BUNDLE_IDENTIFIER = com.example.swiftui.SwiftUIViews;
				PRODUCT_NAME = "$(TARGET_NAME)";
				SDKROOT = auto;
				SUPPORTED_PLATFORMS = "iphoneos iphonesimulator macosx";
				SWIFT_EMIT_LOC_STRINGS = YES;
				SWIFT_VERSION = 5.0;
				TARGETED_DEVICE_FAMILY = "1,2";
			};
			name = Release;
		};
		C7DEB8B52C0FB81B008D1471 /* Debug */ = {
			isa = XCBuildConfiguration;
			buildSettings = {
				ALWAYS_EMBED_SWIFT_STANDARD_LIBRARIES = YES;
				BUNDLE_LOADER = "$(TEST_HOST)";
				CODE_SIGN_STYLE = Automatic;
				CURRENT_PROJECT_VERSION = 1;
				GENERATE_INFOPLIST_FILE = YES;
				IPHONEOS_DEPLOYMENT_TARGET = 17.2;
				MACOSX_DEPLOYMENT_TARGET = 13.6;
				MARKETING_VERSION = 1.0;
				PRODUCT_BUNDLE_IDENTIFIER = com.example.swiftui.SwiftUIViewsTests;
				PRODUCT_NAME = "$(TARGET_NAME)";
				SDKROOT = auto;
				SUPPORTED_PLATFORMS = "iphoneos iphonesimulator macosx";
				SWIFT_EMIT_LOC_STRINGS = NO;
				SWIFT_VERSION = 5.0;
				TARGETED_DEVICE_FAMILY = "1,2";
				TEST_HOST = "$(BUILT_PRODUCTS_DIR)/SwiftUIViews.app/$(BUNDLE_EXECUTABLE_FOLDER_PATH)/SwiftUIViews";
			};
			name = Debug;
		};
		C7DEB8B62C0FB81B008D1471 /* Release */ = {
			isa = XCBuildConfiguration;
			buildSettings = {
				ALWAYS_EMBED_SWIFT_STANDARD_LIBRARIES = YES;
				BUNDLE_LOADER = "$(TEST_HOST)";
				CODE_SIGN_STYLE = Automatic;
				CURRENT_PROJECT_VERSION = 1;
				GENERATE_INFOPLIST_FILE = YES;
				IPHONEOS_DEPLOYMENT_TARGET = 17.2;
				MACOSX_DEPLOYMENT_TARGET = 13.6;
				MARKETING_VERSION = 1.0;
				PRODUCT_BUNDLE_IDENTIFIER = com.example.swiftui.SwiftUIViewsTests;
				PRODUCT_NAME = "$(TARGET_NAME)";
				SDKROOT = auto;
				SUPPORTED_PLATFORMS = "iphoneos iphonesimulator macosx";
				SWIFT_EMIT_LOC_STRINGS = NO;
				SWIFT_VERSION = 5.0;
				TARGETED_DEVICE_FAMILY = "1,2";
				TEST_HOST = "$(BUILT_PRODUCTS_DIR)/SwiftUIViews.app/$(BUNDLE_EXECUTABLE_FOLDER_PATH)/SwiftUIViews";
			};
			name = Release;
		};
		C7DEB8B82C0FB81B008D1471 /* Debug */ = {
			isa = XCBuildConfiguration;
			buildSettings = {
				ALWAYS_EMBED_SWIFT_STANDARD_LIBRARIES = YES;
				CODE_SIGN_STYLE = Automatic;
				CURRENT_PROJECT_VERSION = 1;
				GENERATE_INFOPLIST_FILE = YES;
				IPHONEOS_DEPLOYMENT_TARGET = 17.2;
				MACOSX_DEPLOYMENT_TARGET = 13.6;
				MARKETING_VERSION = 1.0;
				PRODUCT_BUNDLE_IDENTIFIER = com.example.swiftui.SwiftUIViewsUITests;
				PRODUCT_NAME = "$(TARGET_NAME)";
				SDKROOT = auto;
				SUPPORTED_PLATFORMS = "iphoneos iphonesimulator macosx";
				SWIFT_EMIT_LOC_STRINGS = NO;
				SWIFT_VERSION = 5.0;
				TARGETED_DEVICE_FAMILY = "1,2";
				TEST_TARGET_NAME = SwiftUIViews;
			};
			name = Debug;
		};
		C7DEB8B92C0FB81B008D1471 /* Release */ = {
			isa = XCBuildConfiguration;
			buildSettings = {
				ALWAYS_EMBED_SWIFT_STANDARD_LIBRARIES = YES;
				CODE_SIGN_STYLE = Automatic;
				CURRENT_PROJECT_VERSION = 1;
				GENERATE_INFOPLIST_FILE = YES;
				IPHONEOS_DEPLOYMENT_TARGET = 17.2;
				MACOSX_DEPLOYMENT_TARGET = 13.6;
				MARKETING_VERSION = 1.0;
				PRODUCT_BUNDLE_IDENTIFIER = com.example.swiftui.SwiftUIViewsUITests;
				PRODUCT_NAME = "$(TARGET_NAME)";
				SDKROOT = auto;
				SUPPORTED_PLATFORMS = "iphoneos iphonesimulator macosx";
				SWIFT_EMIT_LOC_STRINGS = NO;
				SWIFT_VERSION = 5.0;
				TARGETED_DEVICE_FAMILY = "1,2";
				TEST_TARGET_NAME = SwiftUIViews;
			};
			name = Release;
		};
/* End XCBuildConfiguration section */

/* Begin XCConfigurationList section */
		C7DEB8872C0FB81A008D1471 /* Build configuration list for PBXProject "SwiftUIViews" */ = {
			isa = XCConfigurationList;
			buildConfigurations = (
				C7DEB8AF2C0FB81B008D1471 /* Debug */,
				C7DEB8B02C0FB81B008D1471 /* Release */,
			);
			defaultConfigurationIsVisible = 0;
			defaultConfigurationName = Release;
		};
		C7DEB8B12C0FB81B008D1471 /* Build configuration list for PBXNativeTarget "SwiftUIViews" */ = {
			isa = XCConfigurationList;
			buildConfigurations = (
				C7DEB8B22C0FB81B008D1471 /* Debug */,
				C7DEB8B32C0FB81B008D1471 /* Release */,
			);
			defaultConfigurationIsVisible = 0;
			defaultConfigurationName = Release;
		};
		C7DEB8B42C0FB81B008D1471 /* Build configuration list for PBXNativeTarget "SwiftUIViewsTests" */ = {
			isa = XCConfigurationList;
			buildConfigurations = (
				C7DEB8B52C0FB81B008D1471 /* Debug */,
				C7DEB8B62C0FB81B008D1471 /* Release */,
			);
			defaultConfigurationIsVisible = 0;
			defaultConfigurationName = Release;
		};
		C7DEB8B72C0FB81B008D1471 /* Build configuration list for PBXNativeTarget "SwiftUIViewsUITests" */ = {
			isa = XCConfigurationList;
			buildConfigurations = (
				C7DEB8B82C0FB81B008D1471 /* Debug */,
				C7DEB8B92C0FB81B008D1471 /* Release */,
			);
			defaultConfigurationIsVisible = 0;
			defaultConfigurationName = Release;
		};
/* End XCConfigurationList section */
	};
	rootObject = C7DEB8842C0FB81A008D1471 /* Project object */;
}
