// !$*UTF8*$!
{
	archiveVersion = 1;
	classes = {
	};
	objectVersion = 56;
	objects = {

/* Begin PBXBuildFile section */
		C75CC88A2BD8D17200FB227D /* swiftui_widgetsApp.swift in Sources */ = {isa = PBXBuildFile; fileRef = C75CC8892BD8D17200FB227D /* swiftui_widgetsApp.swift */; };
		C75CC88C2BD8D17200FB227D /* ContentView.swift in Sources */ = {isa = PBXBuildFile; fileRef = C75CC88B2BD8D17200FB227D /* ContentView.swift */; };
		C75CC88E2BD8D17300FB227D /* Assets.xcassets in Resources */ = {isa = PBXBuildFile; fileRef = C75CC88D2BD8D17300FB227D /* Assets.xcassets */; };
		C75CC8922BD8D17300FB227D /* Preview Assets.xcassets in Resources */ = {isa = PBXBuildFile; fileRef = C75CC8912BD8D17300FB227D /* Preview Assets.xcassets */; };
		C75CC89C2BD8D17300FB227D /* swiftui_widgetsTests.swift in Sources */ = {isa = PBXBuildFile; fileRef = C75CC89B2BD8D17300FB227D /* swiftui_widgetsTests.swift */; };
		C75CC8A62BD8D17300FB227D /* swiftui_widgetsUITests.swift in Sources */ = {isa = PBXBuildFile; fileRef = C75CC8A52BD8D17300FB227D /* swiftui_widgetsUITests.swift */; };
		C75CC8A82BD8D17300FB227D /* swiftui_widgetsUITestsLaunchTests.swift in Sources */ = {isa = PBXBuildFile; fileRef = C75CC8A72BD8D17300FB227D /* swiftui_widgetsUITestsLaunchTests.swift */; };
/* End PBXBuildFile section */

/* Begin PBXContainerItemProxy section */
		C75CC8982BD8D17300FB227D /* PBXContainerItemProxy */ = {
			isa = PBXContainerItemProxy;
			containerPortal = C75CC87E2BD8D17200FB227D /* Project object */;
			proxyType = 1;
			remoteGlobalIDString = C75CC8852BD8D17200FB227D;
			remoteInfo = "swiftui-widgets";
		};
		C75CC8A22BD8D17300FB227D /* PBXContainerItemProxy */ = {
			isa = PBXContainerItemProxy;
			containerPortal = C75CC87E2BD8D17200FB227D /* Project object */;
			proxyType = 1;
			remoteGlobalIDString = C75CC8852BD8D17200FB227D;
			remoteInfo = "swiftui-widgets";
		};
/* End PBXContainerItemProxy section */

/* Begin PBXFileReference section */
		C75CC8862BD8D17200FB227D /* swiftui-widgets.app */ = {isa = PBXFileReference; explicitFileType = wrapper.application; includeInIndex = 0; path = "swiftui-widgets.app"; sourceTree = BUILT_PRODUCTS_DIR; };
		C75CC8892BD8D17200FB227D /* swiftui_widgetsApp.swift */ = {isa = PBXFileReference; lastKnownFileType = sourcecode.swift; path = swiftui_widgetsApp.swift; sourceTree = "<group>"; };
		C75CC88B2BD8D17200FB227D /* ContentView.swift */ = {isa = PBXFileReference; lastKnownFileType = sourcecode.swift; path = ContentView.swift; sourceTree = "<group>"; };
		C75CC88D2BD8D17300FB227D /* Assets.xcassets */ = {isa = PBXFileReference; lastKnownFileType = folder.assetcatalog; path = Assets.xcassets; sourceTree = "<group>"; };
		C75CC88F2BD8D17300FB227D /* swiftui_widgets.entitlements */ = {isa = PBXFileReference; lastKnownFileType = text.plist.entitlements; path = swiftui_widgets.entitlements; sourceTree = "<group>"; };
		C75CC8912BD8D17300FB227D /* Preview Assets.xcassets */ = {isa = PBXFileReference; lastKnownFileType = folder.assetcatalog; path = "Preview Assets.xcassets"; sourceTree = "<group>"; };
		C75CC8972BD8D17300FB227D /* swiftui-widgetsTests.xctest */ = {isa = PBXFileReference; explicitFileType = wrapper.cfbundle; includeInIndex = 0; path = "swiftui-widgetsTests.xctest"; sourceTree = BUILT_PRODUCTS_DIR; };
		C75CC89B2BD8D17300FB227D /* swiftui_widgetsTests.swift */ = {isa = PBXFileReference; lastKnownFileType = sourcecode.swift; path = swiftui_widgetsTests.swift; sourceTree = "<group>"; };
		C75CC8A12BD8D17300FB227D /* swiftui-widgetsUITests.xctest */ = {isa = PBXFileReference; explicitFileType = wrapper.cfbundle; includeInIndex = 0; path = "swiftui-widgetsUITests.xctest"; sourceTree = BUILT_PRODUCTS_DIR; };
		C75CC8A52BD8D17300FB227D /* swiftui_widgetsUITests.swift */ = {isa = PBXFileReference; lastKnownFileType = sourcecode.swift; path = swiftui_widgetsUITests.swift; sourceTree = "<group>"; };
		C75CC8A72BD8D17300FB227D /* swiftui_widgetsUITestsLaunchTests.swift */ = {isa = PBXFileReference; lastKnownFileType = sourcecode.swift; path = swiftui_widgetsUITestsLaunchTests.swift; sourceTree = "<group>"; };
/* End PBXFileReference section */

/* Begin PBXFrameworksBuildPhase section */
		C75CC8832BD8D17200FB227D /* Frameworks */ = {
			isa = PBXFrameworksBuildPhase;
			buildActionMask = 2147483647;
			files = (
			);
			runOnlyForDeploymentPostprocessing = 0;
		};
		C75CC8942BD8D17300FB227D /* Frameworks */ = {
			isa = PBXFrameworksBuildPhase;
			buildActionMask = 2147483647;
			files = (
			);
			runOnlyForDeploymentPostprocessing = 0;
		};
		C75CC89E2BD8D17300FB227D /* Frameworks */ = {
			isa = PBXFrameworksBuildPhase;
			buildActionMask = 2147483647;
			files = (
			);
			runOnlyForDeploymentPostprocessing = 0;
		};
/* End PBXFrameworksBuildPhase section */

/* Begin PBXGroup section */
		C75CC87D2BD8D17200FB227D = {
			isa = PBXGroup;
			children = (
				C75CC8882BD8D17200FB227D /* swiftui-widgets */,
				C75CC89A2BD8D17300FB227D /* swiftui-widgetsTests */,
				C75CC8A42BD8D17300FB227D /* swiftui-widgetsUITests */,
				C75CC8872BD8D17200FB227D /* Products */,
			);
			sourceTree = "<group>";
		};
		C75CC8872BD8D17200FB227D /* Products */ = {
			isa = PBXGroup;
			children = (
				C75CC8862BD8D17200FB227D /* swiftui-widgets.app */,
				C75CC8972BD8D17300FB227D /* swiftui-widgetsTests.xctest */,
				C75CC8A12BD8D17300FB227D /* swiftui-widgetsUITests.xctest */,
			);
			name = Products;
			sourceTree = "<group>";
		};
		C75CC8882BD8D17200FB227D /* swiftui-widgets */ = {
			isa = PBXGroup;
			children = (
				C75CC8B42BD8D2A300FB227D /* widgets */,
				C75CC8892BD8D17200FB227D /* swiftui_widgetsApp.swift */,
				C75CC88B2BD8D17200FB227D /* ContentView.swift */,
				C75CC88D2BD8D17300FB227D /* Assets.xcassets */,
				C75CC88F2BD8D17300FB227D /* swiftui_widgets.entitlements */,
				C75CC8902BD8D17300FB227D /* Preview Content */,
			);
			path = "swiftui-widgets";
			sourceTree = "<group>";
		};
		C75CC8902BD8D17300FB227D /* Preview Content */ = {
			isa = PBXGroup;
			children = (
				C75CC8912BD8D17300FB227D /* Preview Assets.xcassets */,
			);
			path = "Preview Content";
			sourceTree = "<group>";
		};
		C75CC89A2BD8D17300FB227D /* swiftui-widgetsTests */ = {
			isa = PBXGroup;
			children = (
				C75CC89B2BD8D17300FB227D /* swiftui_widgetsTests.swift */,
			);
			path = "swiftui-widgetsTests";
			sourceTree = "<group>";
		};
		C75CC8A42BD8D17300FB227D /* swiftui-widgetsUITests */ = {
			isa = PBXGroup;
			children = (
				C75CC8A52BD8D17300FB227D /* swiftui_widgetsUITests.swift */,
				C75CC8A72BD8D17300FB227D /* swiftui_widgetsUITestsLaunchTests.swift */,
			);
			path = "swiftui-widgetsUITests";
			sourceTree = "<group>";
		};
		C75CC8B42BD8D2A300FB227D /* widgets */ = {
			isa = PBXGroup;
			children = (
			);
			path = widgets;
			sourceTree = "<group>";
		};
/* End PBXGroup section */

/* Begin PBXNativeTarget section */
		C75CC8852BD8D17200FB227D /* swiftui-widgets */ = {
			isa = PBXNativeTarget;
			buildConfigurationList = C75CC8AB2BD8D17300FB227D /* Build configuration list for PBXNativeTarget "swiftui-widgets" */;
			buildPhases = (
				C75CC8822BD8D17200FB227D /* Sources */,
				C75CC8832BD8D17200FB227D /* Frameworks */,
				C75CC8842BD8D17200FB227D /* Resources */,
			);
			buildRules = (
			);
			dependencies = (
			);
			name = "swiftui-widgets";
			productName = "swiftui-widgets";
			productReference = C75CC8862BD8D17200FB227D /* swiftui-widgets.app */;
			productType = "com.apple.product-type.application";
		};
		C75CC8962BD8D17300FB227D /* swiftui-widgetsTests */ = {
			isa = PBXNativeTarget;
			buildConfigurationList = C75CC8AE2BD8D17300FB227D /* Build configuration list for PBXNativeTarget "swiftui-widgetsTests" */;
			buildPhases = (
				C75CC8932BD8D17300FB227D /* Sources */,
				C75CC8942BD8D17300FB227D /* Frameworks */,
				C75CC8952BD8D17300FB227D /* Resources */,
			);
			buildRules = (
			);
			dependencies = (
				C75CC8992BD8D17300FB227D /* PBXTargetDependency */,
			);
			name = "swiftui-widgetsTests";
			productName = "swiftui-widgetsTests";
			productReference = C75CC8972BD8D17300FB227D /* swiftui-widgetsTests.xctest */;
			productType = "com.apple.product-type.bundle.unit-test";
		};
		C75CC8A02BD8D17300FB227D /* swiftui-widgetsUITests */ = {
			isa = PBXNativeTarget;
			buildConfigurationList = C75CC8B12BD8D17300FB227D /* Build configuration list for PBXNativeTarget "swiftui-widgetsUITests" */;
			buildPhases = (
				C75CC89D2BD8D17300FB227D /* Sources */,
				C75CC89E2BD8D17300FB227D /* Frameworks */,
				C75CC89F2BD8D17300FB227D /* Resources */,
			);
			buildRules = (
			);
			dependencies = (
				C75CC8A32BD8D17300FB227D /* PBXTargetDependency */,
			);
			name = "swiftui-widgetsUITests";
			productName = "swiftui-widgetsUITests";
			productReference = C75CC8A12BD8D17300FB227D /* swiftui-widgetsUITests.xctest */;
			productType = "com.apple.product-type.bundle.ui-testing";
		};
/* End PBXNativeTarget section */

/* Begin PBXProject section */
		C75CC87E2BD8D17200FB227D /* Project object */ = {
			isa = PBXProject;
			attributes = {
				BuildIndependentTargetsInParallel = 1;
				LastSwiftUpdateCheck = 1520;
				LastUpgradeCheck = 1520;
				TargetAttributes = {
					C75CC8852BD8D17200FB227D = {
						CreatedOnToolsVersion = 15.2;
					};
					C75CC8962BD8D17300FB227D = {
						CreatedOnToolsVersion = 15.2;
						TestTargetID = C75CC8852BD8D17200FB227D;
					};
					C75CC8A02BD8D17300FB227D = {
						CreatedOnToolsVersion = 15.2;
						TestTargetID = C75CC8852BD8D17200FB227D;
					};
				};
			};
			buildConfigurationList = C75CC8812BD8D17200FB227D /* Build configuration list for PBXProject "swiftui-widgets" */;
			compatibilityVersion = "Xcode 14.0";
			developmentRegion = en;
			hasScannedForEncodings = 0;
			knownRegions = (
				en,
				Base,
			);
			mainGroup = C75CC87D2BD8D17200FB227D;
			productRefGroup = C75CC8872BD8D17200FB227D /* Products */;
			projectDirPath = "";
			projectRoot = "";
			targets = (
				C75CC8852BD8D17200FB227D /* swiftui-widgets */,
				C75CC8962BD8D17300FB227D /* swiftui-widgetsTests */,
				C75CC8A02BD8D17300FB227D /* swiftui-widgetsUITests */,
			);
		};
/* End PBXProject section */

/* Begin PBXResourcesBuildPhase section */
		C75CC8842BD8D17200FB227D /* Resources */ = {
			isa = PBXResourcesBuildPhase;
			buildActionMask = 2147483647;
			files = (
				C75CC8922BD8D17300FB227D /* Preview Assets.xcassets in Resources */,
				C75CC88E2BD8D17300FB227D /* Assets.xcassets in Resources */,
			);
			runOnlyForDeploymentPostprocessing = 0;
		};
		C75CC8952BD8D17300FB227D /* Resources */ = {
			isa = PBXResourcesBuildPhase;
			buildActionMask = 2147483647;
			files = (
			);
			runOnlyForDeploymentPostprocessing = 0;
		};
		C75CC89F2BD8D17300FB227D /* Resources */ = {
			isa = PBXResourcesBuildPhase;
			buildActionMask = 2147483647;
			files = (
			);
			runOnlyForDeploymentPostprocessing = 0;
		};
/* End PBXResourcesBuildPhase section */

/* Begin PBXSourcesBuildPhase section */
		C75CC8822BD8D17200FB227D /* Sources */ = {
			isa = PBXSourcesBuildPhase;
			buildActionMask = 2147483647;
			files = (
				C75CC88C2BD8D17200FB227D /* ContentView.swift in Sources */,
				C75CC88A2BD8D17200FB227D /* swiftui_widgetsApp.swift in Sources */,
			);
			runOnlyForDeploymentPostprocessing = 0;
		};
		C75CC8932BD8D17300FB227D /* Sources */ = {
			isa = PBXSourcesBuildPhase;
			buildActionMask = 2147483647;
			files = (
				C75CC89C2BD8D17300FB227D /* swiftui_widgetsTests.swift in Sources */,
			);
			runOnlyForDeploymentPostprocessing = 0;
		};
		C75CC89D2BD8D17300FB227D /* Sources */ = {
			isa = PBXSourcesBuildPhase;
			buildActionMask = 2147483647;
			files = (
				C75CC8A82BD8D17300FB227D /* swiftui_widgetsUITestsLaunchTests.swift in Sources */,
				C75CC8A62BD8D17300FB227D /* swiftui_widgetsUITests.swift in Sources */,
			);
			runOnlyForDeploymentPostprocessing = 0;
		};
/* End PBXSourcesBuildPhase section */

/* Begin PBXTargetDependency section */
		C75CC8992BD8D17300FB227D /* PBXTargetDependency */ = {
			isa = PBXTargetDependency;
			target = C75CC8852BD8D17200FB227D /* swiftui-widgets */;
			targetProxy = C75CC8982BD8D17300FB227D /* PBXContainerItemProxy */;
		};
		C75CC8A32BD8D17300FB227D /* PBXTargetDependency */ = {
			isa = PBXTargetDependency;
			target = C75CC8852BD8D17200FB227D /* swiftui-widgets */;
			targetProxy = C75CC8A22BD8D17300FB227D /* PBXContainerItemProxy */;
		};
/* End PBXTargetDependency section */

/* Begin XCBuildConfiguration section */
		C75CC8A92BD8D17300FB227D /* Debug */ = {
			isa = XCBuildConfiguration;
			buildSettings = {
				ALWAYS_SEARCH_USER_PATHS = NO;
				ASSETCATALOG_COMPILER_GENERATE_SWIFT_ASSET_SYMBOL_EXTENSIONS = YES;
				CLANG_ANALYZER_NONNULL = YES;
				CLANG_ANALYZER_NUMBER_OBJECT_CONVERSION = YES_AGGRESSIVE;
				CLANG_CXX_LANGUAGE_STANDARD = "gnu++20";
				CLANG_ENABLE_MODULES = YES;
				CLANG_ENABLE_OBJC_ARC = YES;
				CLANG_ENABLE_OBJC_WEAK = YES;
				CLANG_WARN_BLOCK_CAPTURE_AUTORELEASING = YES;
				CLANG_WARN_BOOL_CONVERSION = YES;
				CLANG_WARN_COMMA = YES;
				CLANG_WARN_CONSTANT_CONVERSION = YES;
				CLANG_WARN_DEPRECATED_OBJC_IMPLEMENTATIONS = YES;
				CLANG_WARN_DIRECT_OBJC_ISA_USAGE = YES_ERROR;
				CLANG_WARN_DOCUMENTATION_COMMENTS = YES;
				CLANG_WARN_EMPTY_BODY = YES;
				CLANG_WARN_ENUM_CONVERSION = YES;
				CLANG_WARN_INFINITE_RECURSION = YES;
				CLANG_WARN_INT_CONVERSION = YES;
				CLANG_WARN_NON_LITERAL_NULL_CONVERSION = YES;
				CLANG_WARN_OBJC_IMPLICIT_RETAIN_SELF = YES;
				CLANG_WARN_OBJC_LITERAL_CONVERSION = YES;
				CLANG_WARN_OBJC_ROOT_CLASS = YES_ERROR;
				CLANG_WARN_QUOTED_INCLUDE_IN_FRAMEWORK_HEADER = YES;
				CLANG_WARN_RANGE_LOOP_ANALYSIS = YES;
				CLANG_WARN_STRICT_PROTOTYPES = YES;
				CLANG_WARN_SUSPICIOUS_MOVE = YES;
				CLANG_WARN_UNGUARDED_AVAILABILITY = YES_AGGRESSIVE;
				CLANG_WARN_UNREACHABLE_CODE = YES;
				CLANG_WARN__DUPLICATE_METHOD_MATCH = YES;
				COPY_PHASE_STRIP = NO;
				DEBUG_INFORMATION_FORMAT = dwarf;
				ENABLE_STRICT_OBJC_MSGSEND = YES;
				ENABLE_TESTABILITY = YES;
				ENABLE_USER_SCRIPT_SANDBOXING = YES;
				GCC_C_LANGUAGE_STANDARD = gnu17;
				GCC_DYNAMIC_NO_PIC = NO;
				GCC_NO_COMMON_BLOCKS = YES;
				GCC_OPTIMIZATION_LEVEL = 0;
				GCC_PREPROCESSOR_DEFINITIONS = (
					"DEBUG=1",
					"$(inherited)",
				);
				GCC_WARN_64_TO_32_BIT_CONVERSION = YES;
				GCC_WARN_ABOUT_RETURN_TYPE = YES_ERROR;
				GCC_WARN_UNDECLARED_SELECTOR = YES;
				GCC_WARN_UNINITIALIZED_AUTOS = YES_AGGRESSIVE;
				GCC_WARN_UNUSED_FUNCTION = YES;
				GCC_WARN_UNUSED_VARIABLE = YES;
				LOCALIZATION_PREFERS_STRING_CATALOGS = YES;
				MTL_ENABLE_DEBUG_INFO = INCLUDE_SOURCE;
				MTL_FAST_MATH = YES;
				ONLY_ACTIVE_ARCH = YES;
				SWIFT_ACTIVE_COMPILATION_CONDITIONS = "DEBUG $(inherited)";
				SWIFT_OPTIMIZATION_LEVEL = "-Onone";
			};
			name = Debug;
		};
		C75CC8AA2BD8D17300FB227D /* Release */ = {
			isa = XCBuildConfiguration;
			buildSettings = {
				ALWAYS_SEARCH_USER_PATHS = NO;
				ASSETCATALOG_COMPILER_GENERATE_SWIFT_ASSET_SYMBOL_EXTENSIONS = YES;
				CLANG_ANALYZER_NONNULL = YES;
				CLANG_ANALYZER_NUMBER_OBJECT_CONVERSION = YES_AGGRESSIVE;
				CLANG_CXX_LANGUAGE_STANDARD = "gnu++20";
				CLANG_ENABLE_MODULES = YES;
				CLANG_ENABLE_OBJC_ARC = YES;
				CLANG_ENABLE_OBJC_WEAK = YES;
				CLANG_WARN_BLOCK_CAPTURE_AUTORELEASING = YES;
				CLANG_WARN_BOOL_CONVERSION = YES;
				CLANG_WARN_COMMA = YES;
				CLANG_WARN_CONSTANT_CONVERSION = YES;
				CLANG_WARN_DEPRECATED_OBJC_IMPLEMENTATIONS = YES;
				CLANG_WARN_DIRECT_OBJC_ISA_USAGE = YES_ERROR;
				CLANG_WARN_DOCUMENTATION_COMMENTS = YES;
				CLANG_WARN_EMPTY_BODY = YES;
				CLANG_WARN_ENUM_CONVERSION = YES;
				CLANG_WARN_INFINITE_RECURSION = YES;
				CLANG_WARN_INT_CONVERSION = YES;
				CLANG_WARN_NON_LITERAL_NULL_CONVERSION = YES;
				CLANG_WARN_OBJC_IMPLICIT_RETAIN_SELF = YES;
				CLANG_WARN_OBJC_LITERAL_CONVERSION = YES;
				CLANG_WARN_OBJC_ROOT_CLASS = YES_ERROR;
				CLANG_WARN_QUOTED_INCLUDE_IN_FRAMEWORK_HEADER = YES;
				CLANG_WARN_RANGE_LOOP_ANALYSIS = YES;
				CLANG_WARN_STRICT_PROTOTYPES = YES;
				CLANG_WARN_SUSPICIOUS_MOVE = YES;
				CLANG_WARN_UNGUARDED_AVAILABILITY = YES_AGGRESSIVE;
				CLANG_WARN_UNREACHABLE_CODE = YES;
				CLANG_WARN__DUPLICATE_METHOD_MATCH = YES;
				COPY_PHASE_STRIP = NO;
				DEBUG_INFORMATION_FORMAT = "dwarf-with-dsym";
				ENABLE_NS_ASSERTIONS = NO;
				ENABLE_STRICT_OBJC_MSGSEND = YES;
				ENABLE_USER_SCRIPT_SANDBOXING = YES;
				GCC_C_LANGUAGE_STANDARD = gnu17;
				GCC_NO_COMMON_BLOCKS = YES;
				GCC_WARN_64_TO_32_BIT_CONVERSION = YES;
				GCC_WARN_ABOUT_RETURN_TYPE = YES_ERROR;
				GCC_WARN_UNDECLARED_SELECTOR = YES;
				GCC_WARN_UNINITIALIZED_AUTOS = YES_AGGRESSIVE;
				GCC_WARN_UNUSED_FUNCTION = YES;
				GCC_WARN_UNUSED_VARIABLE = YES;
				LOCALIZATION_PREFERS_STRING_CATALOGS = YES;
				MTL_ENABLE_DEBUG_INFO = NO;
				MTL_FAST_MATH = YES;
				SWIFT_COMPILATION_MODE = wholemodule;
			};
			name = Release;
		};
		C75CC8AC2BD8D17300FB227D /* Debug */ = {
			isa = XCBuildConfiguration;
			buildSettings = {
				ASSETCATALOG_COMPILER_APPICON_NAME = AppIcon;
				ASSETCATALOG_COMPILER_GLOBAL_ACCENT_COLOR_NAME = AccentColor;
				CODE_SIGN_ENTITLEMENTS = "swiftui-widgets/swiftui_widgets.entitlements";
				CODE_SIGN_STYLE = Automatic;
				CURRENT_PROJECT_VERSION = 1;
				DEVELOPMENT_ASSET_PATHS = "\"swiftui-widgets/Preview Content\"";
				ENABLE_PREVIEWS = YES;
				GENERATE_INFOPLIST_FILE = YES;
				"INFOPLIST_KEY_UIApplicationSceneManifest_Generation[sdk=iphoneos*]" = YES;
				"INFOPLIST_KEY_UIApplicationSceneManifest_Generation[sdk=iphonesimulator*]" = YES;
				"INFOPLIST_KEY_UIApplicationSupportsIndirectInputEvents[sdk=iphoneos*]" = YES;
				"INFOPLIST_KEY_UIApplicationSupportsIndirectInputEvents[sdk=iphonesimulator*]" = YES;
				"INFOPLIST_KEY_UILaunchScreen_Generation[sdk=iphoneos*]" = YES;
				"INFOPLIST_KEY_UILaunchScreen_Generation[sdk=iphonesimulator*]" = YES;
				"INFOPLIST_KEY_UIStatusBarStyle[sdk=iphoneos*]" = UIStatusBarStyleDefault;
				"INFOPLIST_KEY_UIStatusBarStyle[sdk=iphonesimulator*]" = UIStatusBarStyleDefault;
				INFOPLIST_KEY_UISupportedInterfaceOrientations_iPad = "UIInterfaceOrientationPortrait UIInterfaceOrientationPortraitUpsideDown UIInterfaceOrientationLandscapeLeft UIInterfaceOrientationLandscapeRight";
				INFOPLIST_KEY_UISupportedInterfaceOrientations_iPhone = "UIInterfaceOrientationPortrait UIInterfaceOrientationLandscapeLeft UIInterfaceOrientationLandscapeRight";
				IPHONEOS_DEPLOYMENT_TARGET = 17.2;
				LD_RUNPATH_SEARCH_PATHS = "@executable_path/Frameworks";
				"LD_RUNPATH_SEARCH_PATHS[sdk=macosx*]" = "@executable_path/../Frameworks";
				MACOSX_DEPLOYMENT_TARGET = 13.6;
				MARKETING_VERSION = 1.0;
				PRODUCT_BUNDLE_IDENTIFIER = "com.example.swiftui.swiftui-widgets";
				PRODUCT_NAME = "$(TARGET_NAME)";
				SDKROOT = auto;
				SUPPORTED_PLATFORMS = "iphoneos iphonesimulator macosx";
				SWIFT_EMIT_LOC_STRINGS = YES;
				SWIFT_VERSION = 5.0;
				TARGETED_DEVICE_FAMILY = "1,2";
			};
			name = Debug;
		};
		C75CC8AD2BD8D17300FB227D /* Release */ = {
			isa = XCBuildConfiguration;
			buildSettings = {
				ASSETCATALOG_COMPILER_APPICON_NAME = AppIcon;
				ASSETCATALOG_COMPILER_GLOBAL_ACCENT_COLOR_NAME = AccentColor;
				CODE_SIGN_ENTITLEMENTS = "swiftui-widgets/swiftui_widgets.entitlements";
				CODE_SIGN_STYLE = Automatic;
				CURRENT_PROJECT_VERSION = 1;
				DEVELOPMENT_ASSET_PATHS = "\"swiftui-widgets/Preview Content\"";
				ENABLE_PREVIEWS = YES;
				GENERATE_INFOPLIST_FILE = YES;
				"INFOPLIST_KEY_UIApplicationSceneManifest_Generation[sdk=iphoneos*]" = YES;
				"INFOPLIST_KEY_UIApplicationSceneManifest_Generation[sdk=iphonesimulator*]" = YES;
				"INFOPLIST_KEY_UIApplicationSupportsIndirectInputEvents[sdk=iphoneos*]" = YES;
				"INFOPLIST_KEY_UIApplicationSupportsIndirectInputEvents[sdk=iphonesimulator*]" = YES;
				"INFOPLIST_KEY_UILaunchScreen_Generation[sdk=iphoneos*]" = YES;
				"INFOPLIST_KEY_UILaunchScreen_Generation[sdk=iphonesimulator*]" = YES;
				"INFOPLIST_KEY_UIStatusBarStyle[sdk=iphoneos*]" = UIStatusBarStyleDefault;
				"INFOPLIST_KEY_UIStatusBarStyle[sdk=iphonesimulator*]" = UIStatusBarStyleDefault;
				INFOPLIST_KEY_UISupportedInterfaceOrientations_iPad = "UIInterfaceOrientationPortrait UIInterfaceOrientationPortraitUpsideDown UIInterfaceOrientationLandscapeLeft UIInterfaceOrientationLandscapeRight";
				INFOPLIST_KEY_UISupportedInterfaceOrientations_iPhone = "UIInterfaceOrientationPortrait UIInterfaceOrientationLandscapeLeft UIInterfaceOrientationLandscapeRight";
				IPHONEOS_DEPLOYMENT_TARGET = 17.2;
				LD_RUNPATH_SEARCH_PATHS = "@executable_path/Frameworks";
				"LD_RUNPATH_SEARCH_PATHS[sdk=macosx*]" = "@executable_path/../Frameworks";
				MACOSX_DEPLOYMENT_TARGET = 13.6;
				MARKETING_VERSION = 1.0;
				PRODUCT_BUNDLE_IDENTIFIER = "com.example.swiftui.swiftui-widgets";
				PRODUCT_NAME = "$(TARGET_NAME)";
				SDKROOT = auto;
				SUPPORTED_PLATFORMS = "iphoneos iphonesimulator macosx";
				SWIFT_EMIT_LOC_STRINGS = YES;
				SWIFT_VERSION = 5.0;
				TARGETED_DEVICE_FAMILY = "1,2";
			};
			name = Release;
		};
		C75CC8AF2BD8D17300FB227D /* Debug */ = {
			isa = XCBuildConfiguration;
			buildSettings = {
				ALWAYS_EMBED_SWIFT_STANDARD_LIBRARIES = YES;
				BUNDLE_LOADER = "$(TEST_HOST)";
				CODE_SIGN_STYLE = Automatic;
				CURRENT_PROJECT_VERSION = 1;
				GENERATE_INFOPLIST_FILE = YES;
				IPHONEOS_DEPLOYMENT_TARGET = 17.2;
				MACOSX_DEPLOYMENT_TARGET = 13.6;
				MARKETING_VERSION = 1.0;
				PRODUCT_BUNDLE_IDENTIFIER = "com.example.swiftui.swiftui-widgetsTests";
				PRODUCT_NAME = "$(TARGET_NAME)";
				SDKROOT = auto;
				SUPPORTED_PLATFORMS = "iphoneos iphonesimulator macosx";
				SWIFT_EMIT_LOC_STRINGS = NO;
				SWIFT_VERSION = 5.0;
				TARGETED_DEVICE_FAMILY = "1,2";
				TEST_HOST = "$(BUILT_PRODUCTS_DIR)/swiftui-widgets.app/$(BUNDLE_EXECUTABLE_FOLDER_PATH)/swiftui-widgets";
			};
			name = Debug;
		};
		C75CC8B02BD8D17300FB227D /* Release */ = {
			isa = XCBuildConfiguration;
			buildSettings = {
				ALWAYS_EMBED_SWIFT_STANDARD_LIBRARIES = YES;
				BUNDLE_LOADER = "$(TEST_HOST)";
				CODE_SIGN_STYLE = Automatic;
				CURRENT_PROJECT_VERSION = 1;
				GENERATE_INFOPLIST_FILE = YES;
				IPHONEOS_DEPLOYMENT_TARGET = 17.2;
				MACOSX_DEPLOYMENT_TARGET = 13.6;
				MARKETING_VERSION = 1.0;
				PRODUCT_BUNDLE_IDENTIFIER = "com.example.swiftui.swiftui-widgetsTests";
				PRODUCT_NAME = "$(TARGET_NAME)";
				SDKROOT = auto;
				SUPPORTED_PLATFORMS = "iphoneos iphonesimulator macosx";
				SWIFT_EMIT_LOC_STRINGS = NO;
				SWIFT_VERSION = 5.0;
				TARGETED_DEVICE_FAMILY = "1,2";
				TEST_HOST = "$(BUILT_PRODUCTS_DIR)/swiftui-widgets.app/$(BUNDLE_EXECUTABLE_FOLDER_PATH)/swiftui-widgets";
			};
			name = Release;
		};
		C75CC8B22BD8D17300FB227D /* Debug */ = {
			isa = XCBuildConfiguration;
			buildSettings = {
				ALWAYS_EMBED_SWIFT_STANDARD_LIBRARIES = YES;
				CODE_SIGN_STYLE = Automatic;
				CURRENT_PROJECT_VERSION = 1;
				GENERATE_INFOPLIST_FILE = YES;
				IPHONEOS_DEPLOYMENT_TARGET = 17.2;
				MACOSX_DEPLOYMENT_TARGET = 13.6;
				MARKETING_VERSION = 1.0;
				PRODUCT_BUNDLE_IDENTIFIER = "com.example.swiftui.swiftui-widgetsUITests";
				PRODUCT_NAME = "$(TARGET_NAME)";
				SDKROOT = auto;
				SUPPORTED_PLATFORMS = "iphoneos iphonesimulator macosx";
				SWIFT_EMIT_LOC_STRINGS = NO;
				SWIFT_VERSION = 5.0;
				TARGETED_DEVICE_FAMILY = "1,2";
				TEST_TARGET_NAME = "swiftui-widgets";
			};
			name = Debug;
		};
		C75CC8B32BD8D17300FB227D /* Release */ = {
			isa = XCBuildConfiguration;
			buildSettings = {
				ALWAYS_EMBED_SWIFT_STANDARD_LIBRARIES = YES;
				CODE_SIGN_STYLE = Automatic;
				CURRENT_PROJECT_VERSION = 1;
				GENERATE_INFOPLIST_FILE = YES;
				IPHONEOS_DEPLOYMENT_TARGET = 17.2;
				MACOSX_DEPLOYMENT_TARGET = 13.6;
				MARKETING_VERSION = 1.0;
				PRODUCT_BUNDLE_IDENTIFIER = "com.example.swiftui.swiftui-widgetsUITests";
				PRODUCT_NAME = "$(TARGET_NAME)";
				SDKROOT = auto;
				SUPPORTED_PLATFORMS = "iphoneos iphonesimulator macosx";
				SWIFT_EMIT_LOC_STRINGS = NO;
				SWIFT_VERSION = 5.0;
				TARGETED_DEVICE_FAMILY = "1,2";
				TEST_TARGET_NAME = "swiftui-widgets";
			};
			name = Release;
		};
/* End XCBuildConfiguration section */

/* Begin XCConfigurationList section */
		C75CC8812BD8D17200FB227D /* Build configuration list for PBXProject "swiftui-widgets" */ = {
			isa = XCConfigurationList;
			buildConfigurations = (
				C75CC8A92BD8D17300FB227D /* Debug */,
				C75CC8AA2BD8D17300FB227D /* Release */,
			);
			defaultConfigurationIsVisible = 0;
			defaultConfigurationName = Release;
		};
		C75CC8AB2BD8D17300FB227D /* Build configuration list for PBXNativeTarget "swiftui-widgets" */ = {
			isa = XCConfigurationList;
			buildConfigurations = (
				C75CC8AC2BD8D17300FB227D /* Debug */,
				C75CC8AD2BD8D17300FB227D /* Release */,
			);
			defaultConfigurationIsVisible = 0;
			defaultConfigurationName = Release;
		};
		C75CC8AE2BD8D17300FB227D /* Build configuration list for PBXNativeTarget "swiftui-widgetsTests" */ = {
			isa = XCConfigurationList;
			buildConfigurations = (
				C75CC8AF2BD8D17300FB227D /* Debug */,
				C75CC8B02BD8D17300FB227D /* Release */,
			);
			defaultConfigurationIsVisible = 0;
			defaultConfigurationName = Release;
		};
		C75CC8B12BD8D17300FB227D /* Build configuration list for PBXNativeTarget "swiftui-widgetsUITests" */ = {
			isa = XCConfigurationList;
			buildConfigurations = (
				C75CC8B22BD8D17300FB227D /* Debug */,
				C75CC8B32BD8D17300FB227D /* Release */,
			);
			defaultConfigurationIsVisible = 0;
			defaultConfigurationName = Release;
		};
/* End XCConfigurationList section */
	};
	rootObject = C75CC87E2BD8D17200FB227D /* Project object */;
}
